
Microsoft Visual Studio Solution File, Format Version 12.00
# Visual Studio 2012
Project("{FAE04EC0-301F-11D3-BF4B-00C04F79EFBC}") = "MyFuelTracker", "MyFuelTracker\MyFuelTracker.csproj", "{423F8EE1-AB26-4348-95DB-2AAE41CDFEF8}"
EndProject
Project("{FAE04EC0-301F-11D3-BF4B-00C04F79EFBC}") = "MyFuelTracker.Tests", "MyFuelTracker.Tests\MyFuelTracker.Tests.csproj", "{BAC525BD-9242-4679-833B-F30B18155835}"
EndProject
Project("{2150E333-8FDC-42A3-9474-1A3956D46DE8}") = ".nuget", ".nuget", "{7E563204-8E2E-4635-BB09-7B305FB26F60}"
	ProjectSection(SolutionItems) = preProject
		.nuget\NuGet.Config = .nuget\NuGet.Config
		.nuget\NuGet.exe = .nuget\NuGet.exe
		.nuget\NuGet.targets = .nuget\NuGet.targets
	EndProjectSection
EndProject
Project("{FAE04EC0-301F-11D3-BF4B-00C04F79EFBC}") = "MyFuelTracker.Core", "MyFuelTracker.Core\MyFuelTracker.Core.csproj", "{5EBE5CA3-518F-4E7B-90A2-3D04B180F72D}"
EndProject
Global
	GlobalSection(SolutionConfigurationPlatforms) = preSolution
		Debug|Any CPU = Debug|Any CPU
		Debug|ARM = Debug|ARM
		Debug|Mixed Platforms = Debug|Mixed Platforms
		Debug|x86 = Debug|x86
		Release|Any CPU = Release|Any CPU
		Release|ARM = Release|ARM
		Release|Mixed Platforms = Release|Mixed Platforms
		Release|x86 = Release|x86
	EndGlobalSection
	GlobalSection(ProjectConfigurationPlatforms) = postSolution
		{423F8EE1-AB26-4348-95DB-2AAE41CDFEF8}.Debug|Any CPU.ActiveCfg = Debug|Any CPU
		{423F8EE1-AB26-4348-95DB-2AAE41CDFEF8}.Debug|Any CPU.Build.0 = Debug|Any CPU
		{423F8EE1-AB26-4348-95DB-2AAE41CDFEF8}.Debug|Any CPU.Deploy.0 = Debug|Any CPU
		{423F8EE1-AB26-4348-95DB-2AAE41CDFEF8}.Debug|ARM.ActiveCfg = Debug|ARM
		{423F8EE1-AB26-4348-95DB-2AAE41CDFEF8}.Debug|ARM.Build.0 = Debug|ARM
		{423F8EE1-AB26-4348-95DB-2AAE41CDFEF8}.Debug|ARM.Deploy.0 = Debug|ARM
		{423F8EE1-AB26-4348-95DB-2AAE41CDFEF8}.Debug|Mixed Platforms.ActiveCfg = Debug|ARM
		{423F8EE1-AB26-4348-95DB-2AAE41CDFEF8}.Debug|Mixed Platforms.Build.0 = Debug|ARM
		{423F8EE1-AB26-4348-95DB-2AAE41CDFEF8}.Debug|Mixed Platforms.Deploy.0 = Debug|ARM
		{423F8EE1-AB26-4348-95DB-2AAE41CDFEF8}.Debug|x86.ActiveCfg = Debug|x86
		{423F8EE1-AB26-4348-95DB-2AAE41CDFEF8}.Debug|x86.Build.0 = Debug|x86
		{423F8EE1-AB26-4348-95DB-2AAE41CDFEF8}.Debug|x86.Deploy.0 = Debug|x86
		{423F8EE1-AB26-4348-95DB-2AAE41CDFEF8}.Release|Any CPU.ActiveCfg = Release|Any CPU
		{423F8EE1-AB26-4348-95DB-2AAE41CDFEF8}.Release|Any CPU.Build.0 = Release|Any CPU
		{423F8EE1-AB26-4348-95DB-2AAE41CDFEF8}.Release|Any CPU.Deploy.0 = Release|Any CPU
		{423F8EE1-AB26-4348-95DB-2AAE41CDFEF8}.Release|ARM.ActiveCfg = Release|ARM
		{423F8EE1-AB26-4348-95DB-2AAE41CDFEF8}.Release|ARM.Build.0 = Release|ARM
		{423F8EE1-AB26-4348-95DB-2AAE41CDFEF8}.Release|ARM.Deploy.0 = Release|ARM
		{423F8EE1-AB26-4348-95DB-2AAE41CDFEF8}.Release|Mixed Platforms.ActiveCfg = Release|x86
		{423F8EE1-AB26-4348-95DB-2AAE41CDFEF8}.Release|Mixed Platforms.Build.0 = Release|x86
		{423F8EE1-AB26-4348-95DB-2AAE41CDFEF8}.Release|Mixed Platforms.Deploy.0 = Release|x86
		{423F8EE1-AB26-4348-95DB-2AAE41CDFEF8}.Release|x86.ActiveCfg = Release|x86
		{423F8EE1-AB26-4348-95DB-2AAE41CDFEF8}.Release|x86.Build.0 = Release|x86
		{423F8EE1-AB26-4348-95DB-2AAE41CDFEF8}.Release|x86.Deploy.0 = Release|x86
		{BAC525BD-9242-4679-833B-F30B18155835}.Debug|Any CPU.ActiveCfg = Debug|ARM
		{BAC525BD-9242-4679-833B-F30B18155835}.Debug|Any CPU.Build.0 = Debug|ARM
		{BAC525BD-9242-4679-833B-F30B18155835}.Debug|Any CPU.Deploy.0 = Debug|ARM
		{BAC525BD-9242-4679-833B-F30B18155835}.Debug|ARM.ActiveCfg = Debug|ARM
		{BAC525BD-9242-4679-833B-F30B18155835}.Debug|Mixed Platforms.ActiveCfg = Debug|ARM
		{BAC525BD-9242-4679-833B-F30B18155835}.Debug|Mixed Platforms.Build.0 = Debug|ARM
		{BAC525BD-9242-4679-833B-F30B18155835}.Debug|Mixed Platforms.Deploy.0 = Debug|ARM
		{BAC525BD-9242-4679-833B-F30B18155835}.Debug|x86.ActiveCfg = Debug|x86
		{BAC525BD-9242-4679-833B-F30B18155835}.Debug|x86.Build.0 = Debug|x86
		{BAC525BD-9242-4679-833B-F30B18155835}.Debug|x86.Deploy.0 = Debug|x86
		{BAC525BD-9242-4679-833B-F30B18155835}.Release|Any CPU.ActiveCfg = Release|x86
		{BAC525BD-9242-4679-833B-F30B18155835}.Release|ARM.ActiveCfg = Release|ARM
		{BAC525BD-9242-4679-833B-F30B18155835}.Release|ARM.Build.0 = Release|ARM
		{BAC525BD-9242-4679-833B-F30B18155835}.Release|ARM.Deploy.0 = Release|ARM
		{BAC525BD-9242-4679-833B-F30B18155835}.Release|Mixed Platforms.ActiveCfg = Release|x86
		{BAC525BD-9242-4679-833B-F30B18155835}.Release|Mixed Platforms.Build.0 = Release|x86
		{BAC525BD-9242-4679-833B-F30B18155835}.Release|Mixed Platforms.Deploy.0 = Release|x86
		{BAC525BD-9242-4679-833B-F30B18155835}.Release|x86.ActiveCfg = Release|x86
		{BAC525BD-9242-4679-833B-F30B18155835}.Release|x86.Build.0 = Release|x86
		{BAC525BD-9242-4679-833B-F30B18155835}.Release|x86.Deploy.0 = Release|x86
		{5EBE5CA3-518F-4E7B-90A2-3D04B180F72D}.Debug|Any CPU.ActiveCfg = Debug|Any CPU
		{5EBE5CA3-518F-4E7B-90A2-3D04B180F72D}.Debug|Any CPU.Build.0 = Debug|Any CPU
		{5EBE5CA3-518F-4E7B-90A2-3D04B180F72D}.Debug|ARM.ActiveCfg = Debug|ARM
		{5EBE5CA3-518F-4E7B-90A2-3D04B180F72D}.Debug|ARM.Build.0 = Debug|ARM
		{5EBE5CA3-518F-4E7B-90A2-3D04B180F72D}.Debug|Mixed Platforms.ActiveCfg = Debug|ARM
		{5EBE5CA3-518F-4E7B-90A2-3D04B180F72D}.Debug|Mixed Platforms.Build.0 = Debug|ARM
		{5EBE5CA3-518F-4E7B-90A2-3D04B180F72D}.Debug|Mixed Platforms.Deploy.0 = Debug|ARM
		{5EBE5CA3-518F-4E7B-90A2-3D04B180F72D}.Debug|x86.ActiveCfg = Debug|x86
		{5EBE5CA3-518F-4E7B-90A2-3D04B180F72D}.Debug|x86.Build.0 = Debug|x86
		{5EBE5CA3-518F-4E7B-90A2-3D04B180F72D}.Release|Any CPU.ActiveCfg = Release|Any CPU
		{5EBE5CA3-518F-4E7B-90A2-3D04B180F72D}.Release|Any CPU.Build.0 = Release|Any CPU
		{5EBE5CA3-518F-4E7B-90A2-3D04B180F72D}.Release|ARM.ActiveCfg = Release|ARM
		{5EBE5CA3-518F-4E7B-90A2-3D04B180F72D}.Release|ARM.Build.0 = Release|ARM
		{5EBE5CA3-518F-4E7B-90A2-3D04B180F72D}.Release|Mixed Platforms.ActiveCfg = Release|x86
		{5EBE5CA3-518F-4E7B-90A2-3D04B180F72D}.Release|Mixed Platforms.Build.0 = Release|x86
		{5EBE5CA3-518F-4E7B-90A2-3D04B180F72D}.Release|x86.ActiveCfg = Release|x86
		{5EBE5CA3-518F-4E7B-90A2-3D04B180F72D}.Release|x86.Build.0 = Release|x86
	EndGlobalSection
	GlobalSection(SolutionProperties) = preSolution
		HideSolutionNode = FALSE
	EndGlobalSection
EndGlobal
